
Microsoft Visual Studio Solution File, Format Version 12.00
# Visual Studio 2013
VisualStudioVersion = 12.0.31101.0
MinimumVisualStudioVersion = 10.0.40219.1
Project("{FAE04EC0-301F-11D3-BF4B-00C04F79EFBC}") = "Jarvis.TypeScriptGenerator.Builders", "Jarvis.TypeScriptGenerator.Builders\Jarvis.TypeScriptGenerator.Builders.csproj", "{C71DD71E-DAEF-4074-9CCF-F93C3FB88FD2}"
EndProject
Project("{FAE04EC0-301F-11D3-BF4B-00C04F79EFBC}") = "Jarvis.TypeScriptGenerator", "Jarvis.TypeScriptGenerator\Jarvis.TypeScriptGenerator.csproj", "{9A71FA97-565A-4E2B-B606-41AB3F267FDB}"
EndProject
Project("{FAE04EC0-301F-11D3-BF4B-00C04F79EFBC}") = "Jarvis.TypeScriptGenerator.Tests", "Jarvis.TypeScriptGenerator.Tests\Jarvis.TypeScriptGenerator.Tests.csproj", "{B78D087B-8016-4A80-93CC-9FAE52F82CCB}"
EndProject
Project("{FAE04EC0-301F-11D3-BF4B-00C04F79EFBC}") = "TypeLite", "..\..\..\bitbucket\typelite\TypeLite\TypeLite.csproj", "{43DCB624-F929-4572-97A3-6B14AC6AD158}"
EndProject
Global
	GlobalSection(SolutionConfigurationPlatforms) = preSolution
		Debug|Any CPU = Debug|Any CPU
		Release|Any CPU = Release|Any CPU
	EndGlobalSection
	GlobalSection(ProjectConfigurationPlatforms) = postSolution
		{C71DD71E-DAEF-4074-9CCF-F93C3FB88FD2}.Debug|Any CPU.ActiveCfg = Debug|Any CPU
		{C71DD71E-DAEF-4074-9CCF-F93C3FB88FD2}.Debug|Any CPU.Build.0 = Debug|Any CPU
		{C71DD71E-DAEF-4074-9CCF-F93C3FB88FD2}.Release|Any CPU.ActiveCfg = Release|Any CPU
		{C71DD71E-DAEF-4074-9CCF-F93C3FB88FD2}.Release|Any CPU.Build.0 = Release|Any CPU
		{9A71FA97-565A-4E2B-B606-41AB3F267FDB}.Debug|Any CPU.ActiveCfg = Debug|Any CPU
		{9A71FA97-565A-4E2B-B606-41AB3F267FDB}.Debug|Any CPU.Build.0 = Debug|Any CPU
		{9A71FA97-565A-4E2B-B606-41AB3F267FDB}.Release|Any CPU.ActiveCfg = Release|Any CPU
		{9A71FA97-565A-4E2B-B606-41AB3F267FDB}.Release|Any CPU.Build.0 = Release|Any CPU
		{B78D087B-8016-4A80-93CC-9FAE52F82CCB}.Debug|Any CPU.ActiveCfg = Debug|Any CPU
		{B78D087B-8016-4A80-93CC-9FAE52F82CCB}.Debug|Any CPU.Build.0 = Debug|Any CPU
		{B78D087B-8016-4A80-93CC-9FAE52F82CCB}.Release|Any CPU.ActiveCfg = Release|Any CPU
		{B78D087B-8016-4A80-93CC-9FAE52F82CCB}.Release|Any CPU.Build.0 = Release|Any CPU
		{43DCB624-F929-4572-97A3-6B14AC6AD158}.Debug|Any CPU.ActiveCfg = Debug|Any CPU
		{43DCB624-F929-4572-97A3-6B14AC6AD158}.Debug|Any CPU.Build.0 = Debug|Any CPU
		{43DCB624-F929-4572-97A3-6B14AC6AD158}.Release|Any CPU.ActiveCfg = Release|Any CPU
		{43DCB624-F929-4572-97A3-6B14AC6AD158}.Release|Any CPU.Build.0 = Release|Any CPU
	EndGlobalSection
	GlobalSection(SolutionProperties) = preSolution
		HideSolutionNode = FALSE
	EndGlobalSection
EndGlobal
